
Microsoft Visual Studio Solution File, Format Version 12.00
# Visual Studio Version 17
VisualStudioVersion = 17.3.32819.101
MinimumVisualStudioVersion = 10.0.40219.1
Project("{FAE04EC0-301F-11D3-BF4B-00C04F79EFBC}") = "Perius", "Perius.csproj", "{9712C6D4-6356-495B-B0F8-E0B10D10297E}"
EndProject
Global
	GlobalSection(SolutionConfigurationPlatforms) = preSolution
		Debug|Any CPU = Debug|Any CPU
		Release|Any CPU = Release|Any CPU
	EndGlobalSection
	GlobalSection(ProjectConfigurationPlatforms) = postSolution
		{9712C6D4-6356-495B-B0F8-E0B10D10297E}.Debug|Any CPU.ActiveCfg = Debug|Any CPU
		{9712C6D4-6356-495B-B0F8-E0B10D10297E}.Debug|Any CPU.Build.0 = Debug|Any CPU
		{9712C6D4-6356-495B-B0F8-E0B10D10297E}.Release|Any CPU.ActiveCfg = Release|Any CPU
		{9712C6D4-6356-495B-B0F8-E0B10D10297E}.Release|Any CPU.Build.0 = Release|Any CPU
	EndGlobalSection
	GlobalSection(SolutionProperties) = preSolution
		HideSolutionNode = FALSE
	EndGlobalSection
	GlobalSection(ExtensibilityGlobals) = postSolution
		SolutionGuid = {6C9B35B5-19A4-475B-AC83-B4399491BB7B}
	EndGlobalSection
EndGlobal
